{
  "name": "ts-selenium",
  "version": "1.0.0",
  "lockfileVersion": 1,
  "requires": true,
  "dependencies": {
    "@types/mocha": {
      "version": "2.2.41",
      "resolved": "https://registry.npmjs.org/@types/mocha/-/mocha-2.2.41.tgz",
      "integrity": "sha1-4nzwgXFT658nE7LT9saPHhw8pgg=",
      "dev": true
    },
    "@types/node": {
      "version": "8.0.7",
      "resolved": "https://registry.npmjs.org/@types/node/-/node-8.0.7.tgz",
      "integrity": "sha512-fuCPLPe4yY0nv6Z1rTLFCEC452jl0k7i3gF/c8hdEKpYtEpt6Sk67hTGbxx8C0wmifFGPvKYd/O8CvS6dpgxMQ==",
      "dev": true
    },
    "@types/selenium-webdriver": {
      "version": "3.0.4",
      "resolved": "https://registry.npmjs.org/@types/selenium-webdriver/-/selenium-webdriver-3.0.4.tgz",
      "integrity": "sha1-imwzxyFviosJYgKL+bhoVA/cukc=",
      "dev": true
    },
    "chromedriver": {
      "version": "2.30.1",
      "resolved": "https://registry.npmjs.org/chromedriver/-/chromedriver-2.30.1.tgz",
      "integrity": "sha1-GMtsYcqOuLMsJd1ioTCORZjQHCY=",
      "dev": true
    },
    "lodash": {
      "version": "4.17.21",
      "resolved": "https://registry.npmjs.org/lodash/-/lodash-4.17.21.tgz",
      "integrity": "sha512-v2kDEe57lecTulaDIuNTPy3Ry4gLGJ6Z1O3vE1krgXZNrsQ+LFTGHVxVjcXPs17LhbZVGedAJv8XZ1tvj5FvSg==",
      "dev": true
    },
    "mocha": {
      "version": "3.4.2",
      "resolved": "https://registry.npmjs.org/mocha/-/mocha-3.4.2.tgz",
      "integrity": "sha1-0O9NMyEm2/GNDWQMmzgt1IvpdZQ=",
      "dev": true,
      "dependencies": {
        "debug": {
          "version": "2.6.0",
          "resolved": "https://registry.npmjs.org/debug/-/debug-2.6.0.tgz",
          "integrity": "sha1-vFlryr52F/Edn6FTYe3tVgi4SZs="
        },
        "glob": {
          "version": "7.1.1",
          "resolved": "https://registry.npmjs.org/glob/-/glob-7.1.1.tgz",
          "integrity": "sha1-gFIR3wT6rxxjo2ADBs31reULLsg="
        },
        "ms": {
          "version": "0.7.2",
          "resolved": "https://registry.npmjs.org/ms/-/ms-0.7.2.tgz",
          "integrity": "sha1-riXPJRKziFodldfwN4aNhDESR2U="
        }
      }
    },
    "reflect-metadata": {
      "version": "0.1.10",
      "resolved": "https://registry.npmjs.org/reflect-metadata/-/reflect-metadata-0.1.10.tgz",
      "integrity": "sha1-tPg3BEFqytiZiMmxVjXUfgO5NEo=",
      "dev": true
    },
    "selenium-webdriver": {
      "version": "3.4.0",
      "resolved": "https://registry.npmjs.org/selenium-webdriver/-/selenium-webdriver-3.4.0.tgz",
      "integrity": "sha1-FR90RSlNpqZsScwwB0eioX5TxSo=",
      "dev": true
    },
    "tslint": {
      "version": "5.4.3",
      "resolved": "https://registry.npmjs.org/tslint/-/tslint-5.4.3.tgz",
      "integrity": "sha1-dhyEArgONHt3M6BDkKdXslNYBGc=",
      "dev": true
    },
    "typescript": {
      "version": "2.4.1",
      "resolved": "https://registry.npmjs.org/typescript/-/typescript-2.4.1.tgz",
      "integrity": "sha1-w8yxbdqgsjFN4DHn5v7onlujRrw=",
      "dev": true
    }
  }
}
